lockfileVersion: '9.0'

settings:
  autoInstallPeers: true
  excludeLinksFromLockfile: false

importers:

  .:
    dependencies:
      '@elysiajs/bearer':
        specifier: ^1.0.2
        version: 1.0.2(elysia@1.0.26(@sinclair/typebox@0.32.34)(openapi-types@12.1.3)(typescript@5.5.2))
      '@elysiajs/cors':
        specifier: ^1.0.2
        version: 1.0.2(elysia@1.0.26(@sinclair/typebox@0.32.34)(openapi-types@12.1.3)(typescript@5.5.2))
      '@elysiajs/swagger':
        specifier: ^1.0.3
        version: 1.0.5(elysia@1.0.26(@sinclair/typebox@0.32.34)(openapi-types@12.1.3)(typescript@5.5.2))
      edgedb:
        specifier: ^1.4.1
        version: 1.5.7
      elysia:
        specifier: latest
        version: 1.0.26(@sinclair/typebox@0.32.34)(openapi-types@12.1.3)(typescript@5.5.2)
      elysia-http-status-code:
        specifier: ^1.0.9
        version: 1.0.9(elysia@1.0.26(@sinclair/typebox@0.32.34)(openapi-types@12.1.3)(typescript@5.5.2))(typescript@5.5.2)
      jsonwebtoken:
        specifier: ^9.0.2
        version: 9.0.2
      zod:
        specifier: ^3.22.4
        version: 3.23.8
    devDependencies:
      '@biomejs/biome':
        specifier: 1.6.3
        version: 1.6.3
      '@edgedb/generate':
        specifier: ^0.4.1
        version: 0.4.1(edgedb@1.5.7)
      '@types/jsonwebtoken':
        specifier: ^9.0.6
        version: 9.0.6
      bun-types:
        specifier: latest
        version: 1.1.17

packages:

  '@biomejs/biome@1.6.3':
    resolution: {integrity: sha512-Xnp/TIpIcTnRA4LwerJuoGYQJEqwXtn5AL0U0OPXll/QGbAKmcUAfizU880xTwZRD4f53iceqODLDaD3wxYlIw==}
    engines: {node: '>=14.*'}
    hasBin: true

  '@biomejs/cli-darwin-arm64@1.6.3':
    resolution: {integrity: sha512-0E8PGu3/8HSkBJdtjno+niJE1ANS/12D7sPK65vw5lTBYmmaYwJdfclDp6XO0IAX7uVd3/YtXlsEua0SVrNt3Q==}
    engines: {node: '>=14.*'}
    cpu: [arm64]
    os: [darwin]

  '@biomejs/cli-darwin-x64@1.6.3':
    resolution: {integrity: sha512-UWu0We/aIRtWXgJKe6ygWt2xR0yXs64BwWqtZbfxBojRn3jgW8UdFAkV5yiUOX3TQlsV6BZH1EQaUAVsccUeeA==}
    engines: {node: '>=14.*'}
    cpu: [x64]
    os: [darwin]

  '@biomejs/cli-linux-arm64-musl@1.6.3':
    resolution: {integrity: sha512-AntGCSfLN1nPcQj4VOk3X2JgnDw07DaPC8BuBmRcsRmn+7GPSWLllVN5awIKlRPZEbGJtSnLkTiDc5Bxw8OiuA==}
    engines: {node: '>=14.*'}
    cpu: [arm64]
    os: [linux]

  '@biomejs/cli-linux-arm64@1.6.3':
    resolution: {integrity: sha512-wFVkQw38kOssfnkbpSh6ums5TaElw3RAt5i/VZwHmgR2nQgE0fHXLO7HwIE9VBkOEdbiIFq+2PxvFIHuJF3z3Q==}
    engines: {node: '>=14.*'}
    cpu: [arm64]
    os: [linux]

  '@biomejs/cli-linux-x64-musl@1.6.3':
    resolution: {integrity: sha512-GelAvGsUwbxfFpKLG+7+dvDmbrfkGqn08sL8CMQrGnhjE1krAqHWiXQsjfmi0UMFdMsk7hbc4oSAP+1+mrXcHQ==}
    engines: {node: '>=14.*'}
    cpu: [x64]
    os: [linux]

  '@biomejs/cli-linux-x64@1.6.3':
    resolution: {integrity: sha512-vyn8TQaTZg617hjqFitwGmb1St5XXvq6I3vmxU/QFalM74BryMSvYCrYWb2Yw/TkykdEwZTMGYp+SWHRb04fTg==}
    engines: {node: '>=14.*'}
    cpu: [x64]
    os: [linux]

  '@biomejs/cli-win32-arm64@1.6.3':
    resolution: {integrity: sha512-Gx8N2Tixke6pAI1BniteCVZgUUmaFEDYosdWxoaCus15BZI/7RcBxhsRM0ZL/lC66StSQ8vHl8JBrrld1k570Q==}
    engines: {node: '>=14.*'}
    cpu: [arm64]
    os: [win32]

  '@biomejs/cli-win32-x64@1.6.3':
    resolution: {integrity: sha512-meungPJw64SqoR7LXY1wG7GC4+4wgpyThdFUMGXa6PCe0BLFOIOcZ9VMj9PstuczMPdgmt/BUMPsj25dK1VO8A==}
    engines: {node: '>=14.*'}
    cpu: [x64]
    os: [win32]

  '@edgedb/generate@0.4.1':
    resolution: {integrity: sha512-5u+NSv4nE2CNUp60xVlY21nX/mAib9nsXmf/9idnGQad2yN+DhDQrlS/OWuRAC1cLAwFwg9MyQYu2KkyGQrRpA==}
    engines: {node: '>= 12.0.0'}
    hasBin: true
    peerDependencies:
      edgedb: ^1.4.0

  '@elysiajs/bearer@1.0.2':
    resolution: {integrity: sha512-GyRpLu1SLWJSxaE9gFnsQbSqRfIBl5Ngb8SwXaWxY/HWbMjMb1qGOXaL+yLxif1tRYB5/SxCFAl3wIlM9ru0ng==}
    peerDependencies:
      elysia: '>= 1.0.2'

  '@elysiajs/cors@1.0.2':
    resolution: {integrity: sha512-2X+wes5M2SdSaI4lGp0YBbTK35y9TtjjjFMjmQNjMonUXxtOrAR7cA0lsSIvHQ8UTd9z+mMBn7NyBhWaKxq0jA==}
    peerDependencies:
      elysia: '>= 1.0.2'

  '@elysiajs/swagger@1.0.5':
    resolution: {integrity: sha512-DEy5iwLMiathyRcCteJYrK+VITiDODQPt4ahKC0Qyqg09Yuo0JKz7/nBGTbm1ogmfdzCopgLxB1QcWore1C1/A==}
    peerDependencies:
      elysia: '>= 1.0.2'

  '@sinclair/typebox@0.32.34':
    resolution: {integrity: sha512-a3Z3ytYl6R/+7ldxx04PO1semkwWlX/8pTqxsPw4quIcIXDFPZhOc1Wx8azWmkU26ccK3mHwcWenn0avNgAKQg==}

  '@types/jsonwebtoken@9.0.6':
    resolution: {integrity: sha512-/5hndP5dCjloafCXns6SZyESp3Ldq7YjH3zwzwczYnjxIT0Fqzk5ROSYVGfFyczIue7IUEj8hkvLbPoLQ18vQw==}

  '@types/node@20.12.14':
    resolution: {integrity: sha512-scnD59RpYD91xngrQQLGkE+6UrHUPzeKZWhhjBSa3HSkwjbQc38+q3RoIVEwxQGRw3M+j5hpNAM+lgV3cVormg==}

  '@types/node@20.14.9':
    resolution: {integrity: sha512-06OCtnTXtWOZBJlRApleWndH4JsRVs1pDCc8dLSQp+7PpUpX3ePdHyeNSFTeSe7FtKyQkrlPvHwJOW3SLd8Oyg==}

  '@types/ws@8.5.10':
    resolution: {integrity: sha512-vmQSUcfalpIq0R9q7uTo2lXs6eGIpt9wtnLdMv9LVpIjCA/+ufZRozlVoVelIYixx1ugCBKDhn89vnsEGOCx9A==}

  buffer-equal-constant-time@1.0.1:
    resolution: {integrity: sha512-zRpUiDwd/xk6ADqPMATG8vc9VPrkck7T07OIx0gnjmJAnHnTVXNQG3vfvWNuiZIkwu9KrKdA1iJKfsfTVxE6NA==}

  bun-types@1.1.17:
    resolution: {integrity: sha512-Z4+OplcSd/YZq7ZsrfD00DKJeCwuNY96a1IDJyR73+cTBaFIS7SC6LhpY/W3AMEXO9iYq5NJ58WAwnwL1p5vKg==}

  cookie@0.6.0:
    resolution: {integrity: sha512-U71cyTamuh1CRNCfpGY6to28lxvNwPG4Guz/EVjgf3Jmzv0vlDp1atT9eS5dDjMYHucpHbWns6Lwf3BKz6svdw==}
    engines: {node: '>= 0.6'}

  debug@4.3.5:
    resolution: {integrity: sha512-pt0bNEmneDIvdL1Xsd9oDQ/wrQRkXDT4AUWlNZNPKvW5x/jyO9VFXkJUP07vQ2upmw5PlaITaPKc31jK13V+jg==}
    engines: {node: '>=6.0'}
    peerDependencies:
      supports-color: '*'
    peerDependenciesMeta:
      supports-color:
        optional: true

  ecdsa-sig-formatter@1.0.11:
    resolution: {integrity: sha512-nagl3RYrbNv6kQkeJIpt6NJZy8twLB/2vtz6yN9Z4vRKHN4/QZJIEbqohALSgwKdnksuY3k5Addp5lg8sVoVcQ==}

  edgedb@1.5.7:
    resolution: {integrity: sha512-PlINnSnjPUaRxFKUaq+vfIIirdtN8RO3WrYwDEE9qz58MaX9ZlFnrX23AmJExZSKAsHnJUI33GofZWn9qN2G5Q==}
    engines: {node: '>= 18.0.0'}
    hasBin: true

  elysia-http-status-code@1.0.9:
    resolution: {integrity: sha512-ae+R6NInUsFbzqxjm+Fax36/cCHnnIL7MfQCx7kyCtl14D16ZwIaSbAiECttX96VGSZEX1KehWmVw/zdwc/XwA==}
    peerDependencies:
      elysia: 0.7.12
      typescript: ^5.0.0

  elysia@1.0.26:
    resolution: {integrity: sha512-6z1XMnxpB7aAiYWYJGmCsuRKvXYD43N8gdVQOoqDamd7wkHI7NmsX1zXdl/OZEjMy9li4CK852tenOCc0/DZVQ==}
    peerDependencies:
      '@sinclair/typebox': '>= 0.31.0'
      openapi-types: '>= 12.0.0'
      typescript: '>= 5.0.0'
    peerDependenciesMeta:
      openapi-types:
        optional: true
      typescript:
        optional: true

  env-paths@3.0.0:
    resolution: {integrity: sha512-dtJUTepzMW3Lm/NPxRf3wP4642UWhjL2sQxc+ym2YMj1m/H2zDNQOlezafzkHwn6sMstjHTwG6iQQsctDW/b1A==}
    engines: {node: ^12.20.0 || ^14.13.1 || >=16.0.0}

  eventemitter3@5.0.1:
    resolution: {integrity: sha512-GWkBvjiSZK87ELrYOSESUYeVIc9mvLLf/nXalMOS5dYrgZq9o5OVkbZAVM06CVxYsCwH9BDZFPlQTlPA1j4ahA==}

  fast-decode-uri-component@1.0.1:
    resolution: {integrity: sha512-WKgKWg5eUxvRZGwW8FvfbaH7AXSh2cL+3j5fMGzUMCxWBJ3dV3a7Wz8y2f/uQ0e3B6WmodD3oS54jTQ9HVTIIg==}

  fast-querystring@1.1.2:
    resolution: {integrity: sha512-g6KuKWmFXc0fID8WWH0jit4g0AGBoJhCkJMb1RmbsSEUNvQ+ZC8D6CUZ+GtF8nMzSPXnhiePyyqqipzNNEnHjg==}

  isexe@3.1.1:
    resolution: {integrity: sha512-LpB/54B+/2J5hqQ7imZHfdU31OlgQqx7ZicVlkm9kzg9/w8GKLEcFfJl/t7DCEDueOyBAD6zCCwTO6Fzs0NoEQ==}
    engines: {node: '>=16'}

  jsonwebtoken@9.0.2:
    resolution: {integrity: sha512-PRp66vJ865SSqOlgqS8hujT5U4AOgMfhrwYIuIhfKaoSCZcirrmASQr8CX7cUg+RMih+hgznrjp99o+W4pJLHQ==}
    engines: {node: '>=12', npm: '>=6'}

  jwa@1.4.1:
    resolution: {integrity: sha512-qiLX/xhEEFKUAJ6FiBMbes3w9ATzyk5W7Hvzpa/SLYdxNtng+gcurvrI7TbACjIXlsJyr05/S1oUhZrc63evQA==}

  jws@3.2.2:
    resolution: {integrity: sha512-YHlZCB6lMTllWDtSPHz/ZXTsi8S00usEV6v1tjq8tOUZzw7DpSDWVXjXDre6ed1w/pd495ODpHZYSdkRTsa0HA==}

  lodash.clonedeep@4.5.0:
    resolution: {integrity: sha512-H5ZhCF25riFd9uB5UCkVKo61m3S/xZk1x4wA6yp/L3RFP6Z/eHH1ymQcGLo7J3GMPfm0V/7m1tryHuGVxpqEBQ==}

  lodash.includes@4.3.0:
    resolution: {integrity: sha512-W3Bx6mdkRTGtlJISOvVD/lbqjTlPPUDTMnlXZFnVwi9NKJ6tiAk6LVdlhZMm17VZisqhKcgzpO5Wz91PCt5b0w==}

  lodash.isboolean@3.0.3:
    resolution: {integrity: sha512-Bz5mupy2SVbPHURB98VAcw+aHh4vRV5IPNhILUCsOzRmsTmSQ17jIuqopAentWoehktxGd9e/hbIXq980/1QJg==}

  lodash.isinteger@4.0.4:
    resolution: {integrity: sha512-DBwtEWN2caHQ9/imiNeEA5ys1JoRtRfY3d7V9wkqtbycnAmTvRRmbHKDV4a0EYc678/dia0jrte4tjYwVBaZUA==}

  lodash.isnumber@3.0.3:
    resolution: {integrity: sha512-QYqzpfwO3/CWf3XP+Z+tkQsfaLL/EnUlXWVkIk5FUPc4sBdTehEqZONuyRt2P67PXAk+NXmTBcc97zw9t1FQrw==}

  lodash.isplainobject@4.0.6:
    resolution: {integrity: sha512-oSXzaWypCMHkPC3NvBEaPHf0KsA5mvPrOPgQWDsbg8n7orZ290M0BmC/jgRZ4vcJ6DTAhjrsSYgdsW/F+MFOBA==}

  lodash.isstring@4.0.1:
    resolution: {integrity: sha512-0wJxfxH1wgO3GrbuP+dTTk7op+6L41QCXbGINEmD+ny/G/eCqGzxyCsh7159S+mgDDcoarnBw6PC1PS5+wUGgw==}

  lodash.once@4.1.1:
    resolution: {integrity: sha512-Sb487aTOCr9drQVL8pIxOzVhafOjZN9UU54hiN8PU3uAiSV7lx1yYNpbNmex2PK6dSJoNTSJUUswT651yww3Mg==}

  ms@2.1.2:
    resolution: {integrity: sha512-sGkPx+VjMtmA6MX27oA4FBFELFCZZ4S4XqeGOXCv68tT+jb3vk/RyaKWP0PTKyWtmLSM0b+adUTEvbs1PEaH2w==}

  ms@2.1.3:
    resolution: {integrity: sha512-6FlzubTLZG3J2a/NVCAleEhjzq5oxgHyaCU9yYXvcLsvoVaHJq/s5xXI6/XXP6tz7R9xAOtHnSO/tXtF3WRTlA==}

  openapi-types@12.1.3:
    resolution: {integrity: sha512-N4YtSYJqghVu4iek2ZUvcN/0aqH1kRDuNqzcycDxhOUpg7GdvLa2F3DgS6yBNhInhv2r/6I0Flkn7CqL8+nIcw==}

  safe-buffer@5.2.1:
    resolution: {integrity: sha512-rp3So07KcdmmKbGvgaNxQSJr7bGVSVk5S9Eq1F+ppbRo70+YeaDxkw5Dd8NPN+GD6bjnYm2VuPuCXmpuYvmCXQ==}

  semver@7.6.2:
    resolution: {integrity: sha512-FNAIBWCx9qcRhoHcgcJ0gvU7SN1lYU2ZXuSfl04bSC5OpvDHFyJCjdNHomPXxjQlCBU67YW64PzY7/VIEH7F2w==}
    engines: {node: '>=10'}
    hasBin: true

  shell-quote@1.8.1:
    resolution: {integrity: sha512-6j1W9l1iAs/4xYBI1SYOVZyFcCis9b4KCLQ8fgAGG07QvzaRLVVRQvAy85yNmmZSjYjg4MWh4gNvlPujU/5LpA==}

  typescript@5.5.2:
    resolution: {integrity: sha512-NcRtPEOsPFFWjobJEtfihkLCZCXZt/os3zf8nTxjVH3RvTSxjrCamJpbExGvYOF+tFHc3pA65qpdwPbzjohhew==}
    engines: {node: '>=14.17'}
    hasBin: true

  undici-types@5.26.5:
    resolution: {integrity: sha512-JlCMO+ehdEIKqlFxk6IfVoAUVmgz7cU7zD/h9XZ0qzeosSHmUJVOzSQvvYSYWXkFXC+IfLKSIffhv0sVZup6pA==}

  which@4.0.0:
    resolution: {integrity: sha512-GlaYyEb07DPxYCKhKzplCWBJtvxZcZMrL+4UkrTSJHHPyZU4mYYTv3qaOe77H7EODLSSopAUFAc6W8U4yqvscg==}
    engines: {node: ^16.13.0 || >=18.0.0}
    hasBin: true

  zod@3.23.8:
    resolution: {integrity: sha512-XBx9AXhXktjUqnepgTiE5flcKIYWi/rme0Eaj+5Y0lftuGBq+jyRu/md4WnuxqgP1ubdpNCsYEYPxrzVHD8d6g==}

snapshots:

  '@biomejs/biome@1.6.3':
    optionalDependencies:
      '@biomejs/cli-darwin-arm64': 1.6.3
      '@biomejs/cli-darwin-x64': 1.6.3
      '@biomejs/cli-linux-arm64': 1.6.3
      '@biomejs/cli-linux-arm64-musl': 1.6.3
      '@biomejs/cli-linux-x64': 1.6.3
      '@biomejs/cli-linux-x64-musl': 1.6.3
      '@biomejs/cli-win32-arm64': 1.6.3
      '@biomejs/cli-win32-x64': 1.6.3

  '@biomejs/cli-darwin-arm64@1.6.3':
    optional: true

  '@biomejs/cli-darwin-x64@1.6.3':
    optional: true

  '@biomejs/cli-linux-arm64-musl@1.6.3':
    optional: true

  '@biomejs/cli-linux-arm64@1.6.3':
    optional: true

  '@biomejs/cli-linux-x64-musl@1.6.3':
    optional: true

  '@biomejs/cli-linux-x64@1.6.3':
    optional: true

  '@biomejs/cli-win32-arm64@1.6.3':
    optional: true

  '@biomejs/cli-win32-x64@1.6.3':
    optional: true

  '@edgedb/generate@0.4.1(edgedb@1.5.7)':
    dependencies:
      edgedb: 1.5.7

  '@elysiajs/bearer@1.0.2(elysia@1.0.26(@sinclair/typebox@0.32.34)(openapi-types@12.1.3)(typescript@5.5.2))':
    dependencies:
      elysia: 1.0.26(@sinclair/typebox@0.32.34)(openapi-types@12.1.3)(typescript@5.5.2)

  '@elysiajs/cors@1.0.2(elysia@1.0.26(@sinclair/typebox@0.32.34)(openapi-types@12.1.3)(typescript@5.5.2))':
    dependencies:
      elysia: 1.0.26(@sinclair/typebox@0.32.34)(openapi-types@12.1.3)(typescript@5.5.2)

  '@elysiajs/swagger@1.0.5(elysia@1.0.26(@sinclair/typebox@0.32.34)(openapi-types@12.1.3)(typescript@5.5.2))':
    dependencies:
      elysia: 1.0.26(@sinclair/typebox@0.32.34)(openapi-types@12.1.3)(typescript@5.5.2)
      lodash.clonedeep: 4.5.0
      openapi-types: 12.1.3

  '@sinclair/typebox@0.32.34': {}

  '@types/jsonwebtoken@9.0.6':
    dependencies:
      '@types/node': 20.14.9

  '@types/node@20.12.14':
    dependencies:
      undici-types: 5.26.5

  '@types/node@20.14.9':
    dependencies:
      undici-types: 5.26.5

  '@types/ws@8.5.10':
    dependencies:
      '@types/node': 20.12.14

  buffer-equal-constant-time@1.0.1: {}

  bun-types@1.1.17:
    dependencies:
      '@types/node': 20.12.14
      '@types/ws': 8.5.10

  cookie@0.6.0: {}

  debug@4.3.5:
    dependencies:
      ms: 2.1.2

  ecdsa-sig-formatter@1.0.11:
    dependencies:
      safe-buffer: 5.2.1

  edgedb@1.5.7:
    dependencies:
      debug: 4.3.5
      env-paths: 3.0.0
      semver: 7.6.2
      shell-quote: 1.8.1
      which: 4.0.0
    transitivePeerDependencies:
      - supports-color

  elysia-http-status-code@1.0.9(elysia@1.0.26(@sinclair/typebox@0.32.34)(openapi-types@12.1.3)(typescript@5.5.2))(typescript@5.5.2):
    dependencies:
      elysia: 1.0.26(@sinclair/typebox@0.32.34)(openapi-types@12.1.3)(typescript@5.5.2)
      typescript: 5.5.2

  elysia@1.0.26(@sinclair/typebox@0.32.34)(openapi-types@12.1.3)(typescript@5.5.2):
    dependencies:
      '@sinclair/typebox': 0.32.34
      cookie: 0.6.0
      eventemitter3: 5.0.1
      fast-decode-uri-component: 1.0.1
      fast-querystring: 1.1.2
    optionalDependencies:
      openapi-types: 12.1.3
      typescript: 5.5.2

  env-paths@3.0.0: {}

  eventemitter3@5.0.1: {}

  fast-decode-uri-component@1.0.1: {}

  fast-querystring@1.1.2:
    dependencies:
      fast-decode-uri-component: 1.0.1

  isexe@3.1.1: {}

  jsonwebtoken@9.0.2:
    dependencies:
      jws: 3.2.2
      lodash.includes: 4.3.0
      lodash.isboolean: 3.0.3
      lodash.isinteger: 4.0.4
      lodash.isnumber: 3.0.3
      lodash.isplainobject: 4.0.6
      lodash.isstring: 4.0.1
      lodash.once: 4.1.1
      ms: 2.1.3
      semver: 7.6.2

  jwa@1.4.1:
    dependencies:
      buffer-equal-constant-time: 1.0.1
      ecdsa-sig-formatter: 1.0.11
      safe-buffer: 5.2.1

  jws@3.2.2:
    dependencies:
      jwa: 1.4.1
      safe-buffer: 5.2.1

  lodash.clonedeep@4.5.0: {}

  lodash.includes@4.3.0: {}

  lodash.isboolean@3.0.3: {}

  lodash.isinteger@4.0.4: {}

  lodash.isnumber@3.0.3: {}

  lodash.isplainobject@4.0.6: {}

  lodash.isstring@4.0.1: {}

  lodash.once@4.1.1: {}

  ms@2.1.2: {}

  ms@2.1.3: {}

  openapi-types@12.1.3: {}

  safe-buffer@5.2.1: {}

  semver@7.6.2: {}

  shell-quote@1.8.1: {}

  typescript@5.5.2: {}

  undici-types@5.26.5: {}

  which@4.0.0:
    dependencies:
      isexe: 3.1.1

  zod@3.23.8: {}
